
Microsoft Visual Studio Solution File, Format Version 12.00
Project("{FAE04EC0-301F-11D3-BF4B-00C04F79EFBC}") = "Docker_Calculator", "Docker_Calculator\Docker_Calculator.csproj", "{293AB230-7BAC-4D57-9B8F-4CB7B1B17A21}"
EndProject
Project("{FAE04EC0-301F-11D3-BF4B-00C04F79EFBC}") = "Tests", "Tests\Tests.csproj", "{7D6EF646-357D-4006-9F6C-DA2E8C8C68B8}"
EndProject
Global
	GlobalSection(SolutionConfigurationPlatforms) = preSolution
		Debug|Any CPU = Debug|Any CPU
		Release|Any CPU = Release|Any CPU
	EndGlobalSection
	GlobalSection(ProjectConfigurationPlatforms) = postSolution
		{293AB230-7BAC-4D57-9B8F-4CB7B1B17A21}.Debug|Any CPU.ActiveCfg = Debug|Any CPU
		{293AB230-7BAC-4D57-9B8F-4CB7B1B17A21}.Debug|Any CPU.Build.0 = Debug|Any CPU
		{293AB230-7BAC-4D57-9B8F-4CB7B1B17A21}.Release|Any CPU.ActiveCfg = Release|Any CPU
		{293AB230-7BAC-4D57-9B8F-4CB7B1B17A21}.Release|Any CPU.Build.0 = Release|Any CPU
		{7D6EF646-357D-4006-9F6C-DA2E8C8C68B8}.Debug|Any CPU.ActiveCfg = Debug|Any CPU
		{7D6EF646-357D-4006-9F6C-DA2E8C8C68B8}.Debug|Any CPU.Build.0 = Debug|Any CPU
		{7D6EF646-357D-4006-9F6C-DA2E8C8C68B8}.Release|Any CPU.ActiveCfg = Release|Any CPU
		{7D6EF646-357D-4006-9F6C-DA2E8C8C68B8}.Release|Any CPU.Build.0 = Release|Any CPU
	EndGlobalSection
EndGlobal
